
Microsoft Visual Studio Solution File, Format Version 12.00
# Visual Studio Version 17
VisualStudioVersion = 17.7.34018.315
MinimumVisualStudioVersion = 10.0.40219.1
Project("{FAE04EC0-301F-11D3-BF4B-00C04F79EFBC}") = "WebPoznamky", "WebPoznamky\WebPoznamky.csproj", "{ACA7A78C-4CCE-45D3-98A0-EBBA2719FEE7}"
EndProject
Global
	GlobalSection(SolutionConfigurationPlatforms) = preSolution
		Debug|Any CPU = Debug|Any CPU
		Release|Any CPU = Release|Any CPU
	EndGlobalSection
	GlobalSection(ProjectConfigurationPlatforms) = postSolution
		{ACA7A78C-4CCE-45D3-98A0-EBBA2719FEE7}.Debug|Any CPU.ActiveCfg = Debug|Any CPU
		{ACA7A78C-4CCE-45D3-98A0-EBBA2719FEE7}.Debug|Any CPU.Build.0 = Debug|Any CPU
		{ACA7A78C-4CCE-45D3-98A0-EBBA2719FEE7}.Release|Any CPU.ActiveCfg = Release|Any CPU
		{ACA7A78C-4CCE-45D3-98A0-EBBA2719FEE7}.Release|Any CPU.Build.0 = Release|Any CPU
	EndGlobalSection
	GlobalSection(SolutionProperties) = preSolution
		HideSolutionNode = FALSE
	EndGlobalSection
	GlobalSection(ExtensibilityGlobals) = postSolution
		SolutionGuid = {A959C948-75A0-48B9-B707-9C9984B5FC63}
	EndGlobalSection
EndGlobal
